// !$*UTF8*$!
{
	archiveVersion = 1;
	classes = {
	};
	objectVersion = 56;
	objects = {

/* Begin PBXBuildFile section */
		5735E5C129A12108009D51EE /* MusicListView.swift in Sources */ = {isa = PBXBuildFile; fileRef = 5735E5C029A12108009D51EE /* MusicListView.swift */; };
		5735E5C329A1215B009D51EE /* MusicListCellView.swift in Sources */ = {isa = PBXBuildFile; fileRef = 5735E5C229A1215B009D51EE /* MusicListCellView.swift */; };
		5735E5C529A125CF009D51EE /* MusicListViewModel.swift in Sources */ = {isa = PBXBuildFile; fileRef = 5735E5C429A125CF009D51EE /* MusicListViewModel.swift */; };
		5735E5C729A12606009D51EE /* UniversalVariables.swift in Sources */ = {isa = PBXBuildFile; fileRef = 5735E5C629A12606009D51EE /* UniversalVariables.swift */; };
		7301138728F5D63400FB3E4F /* UniversalPlayerApp.swift in Sources */ = {isa = PBXBuildFile; fileRef = 7301138628F5D63400FB3E4F /* UniversalPlayerApp.swift */; };
		7301138B28F5D63600FB3E4F /* Assets.xcassets in Resources */ = {isa = PBXBuildFile; fileRef = 7301138A28F5D63600FB3E4F /* Assets.xcassets */; };
		7301138E28F5D63600FB3E4F /* Preview Assets.xcassets in Resources */ = {isa = PBXBuildFile; fileRef = 7301138D28F5D63600FB3E4F /* Preview Assets.xcassets */; };
		7301139828F5D87300FB3E4F /* PlayerView.swift in Sources */ = {isa = PBXBuildFile; fileRef = 7301139728F5D87300FB3E4F /* PlayerView.swift */; };
		7301139A28F5D88200FB3E4F /* PlayerViewModel.swift in Sources */ = {isa = PBXBuildFile; fileRef = 7301139928F5D88200FB3E4F /* PlayerViewModel.swift */; };
		7301139C28F5D88F00FB3E4F /* AudioEngine.swift in Sources */ = {isa = PBXBuildFile; fileRef = 7301139B28F5D88F00FB3E4F /* AudioEngine.swift */; };
		730113A728F5DAFB00FB3E4F /* Testing.mp3 in Resources */ = {isa = PBXBuildFile; fileRef = 730113A628F5DAFB00FB3E4F /* Testing.mp3 */; };
/* End PBXBuildFile section */

/* Begin PBXFileReference section */
		5735E5C029A12108009D51EE /* MusicListView.swift */ = {isa = PBXFileReference; lastKnownFileType = sourcecode.swift; path = MusicListView.swift; sourceTree = "<group>"; };
		5735E5C229A1215B009D51EE /* MusicListCellView.swift */ = {isa = PBXFileReference; lastKnownFileType = sourcecode.swift; path = MusicListCellView.swift; sourceTree = "<group>"; };
		5735E5C429A125CF009D51EE /* MusicListViewModel.swift */ = {isa = PBXFileReference; lastKnownFileType = sourcecode.swift; path = MusicListViewModel.swift; sourceTree = "<group>"; };
		5735E5C629A12606009D51EE /* UniversalVariables.swift */ = {isa = PBXFileReference; lastKnownFileType = sourcecode.swift; path = UniversalVariables.swift; sourceTree = "<group>"; };
		5735E5C929A20971009D51EE /* Info.plist */ = {isa = PBXFileReference; fileEncoding = 4; lastKnownFileType = text.plist.xml; path = Info.plist; sourceTree = "<group>"; };
		7301138328F5D63400FB3E4F /* UniversalPlayer.app */ = {isa = PBXFileReference; explicitFileType = wrapper.application; includeInIndex = 0; path = UniversalPlayer.app; sourceTree = BUILT_PRODUCTS_DIR; };
		7301138628F5D63400FB3E4F /* UniversalPlayerApp.swift */ = {isa = PBXFileReference; lastKnownFileType = sourcecode.swift; path = UniversalPlayerApp.swift; sourceTree = "<group>"; };
		7301138A28F5D63600FB3E4F /* Assets.xcassets */ = {isa = PBXFileReference; lastKnownFileType = folder.assetcatalog; path = Assets.xcassets; sourceTree = "<group>"; };
		7301138D28F5D63600FB3E4F /* Preview Assets.xcassets */ = {isa = PBXFileReference; lastKnownFileType = folder.assetcatalog; path = "Preview Assets.xcassets"; sourceTree = "<group>"; };
		7301139728F5D87300FB3E4F /* PlayerView.swift */ = {isa = PBXFileReference; lastKnownFileType = sourcecode.swift; path = PlayerView.swift; sourceTree = "<group>"; };
		7301139928F5D88200FB3E4F /* PlayerViewModel.swift */ = {isa = PBXFileReference; lastKnownFileType = sourcecode.swift; path = PlayerViewModel.swift; sourceTree = "<group>"; };
		7301139B28F5D88F00FB3E4F /* AudioEngine.swift */ = {isa = PBXFileReference; lastKnownFileType = sourcecode.swift; path = AudioEngine.swift; sourceTree = "<group>"; };
		730113A628F5DAFB00FB3E4F /* Testing.mp3 */ = {isa = PBXFileReference; lastKnownFileType = audio.mp3; path = Testing.mp3; sourceTree = "<group>"; };
/* End PBXFileReference section */

/* Begin PBXFrameworksBuildPhase section */
		7301138028F5D63400FB3E4F /* Frameworks */ = {
			isa = PBXFrameworksBuildPhase;
			buildActionMask = 2147483647;
			files = (
			);
			runOnlyForDeploymentPostprocessing = 0;
		};
/* End PBXFrameworksBuildPhase section */

/* Begin PBXGroup section */
		5735E5BF29A120E8009D51EE /* MusicList */ = {
			isa = PBXGroup;
			children = (
				5735E5C029A12108009D51EE /* MusicListView.swift */,
				5735E5C229A1215B009D51EE /* MusicListCellView.swift */,
				5735E5C429A125CF009D51EE /* MusicListViewModel.swift */,
			);
			path = MusicList;
			sourceTree = "<group>";
		};
		7301137A28F5D63400FB3E4F = {
			isa = PBXGroup;
			children = (
				7301138528F5D63400FB3E4F /* UniversalPlayer */,
				7301138428F5D63400FB3E4F /* Products */,
			);
			sourceTree = "<group>";
		};
		7301138428F5D63400FB3E4F /* Products */ = {
			isa = PBXGroup;
			children = (
				7301138328F5D63400FB3E4F /* UniversalPlayer.app */,
			);
			name = Products;
			sourceTree = "<group>";
		};
		7301138528F5D63400FB3E4F /* UniversalPlayer */ = {
			isa = PBXGroup;
			children = (
				5735E5C929A20971009D51EE /* Info.plist */,
				7301139428F5D82500FB3E4F /* Universal */,
				7301139528F5D83B00FB3E4F /* App */,
				7301138628F5D63400FB3E4F /* UniversalPlayerApp.swift */,
				7301138A28F5D63600FB3E4F /* Assets.xcassets */,
				7301139D28F5D8E700FB3E4F /* Resources */,
				7301138C28F5D63600FB3E4F /* Preview Content */,
			);
			path = UniversalPlayer;
			sourceTree = "<group>";
		};
		7301138C28F5D63600FB3E4F /* Preview Content */ = {
			isa = PBXGroup;
			children = (
				7301138D28F5D63600FB3E4F /* Preview Assets.xcassets */,
			);
			path = "Preview Content";
			sourceTree = "<group>";
		};
		7301139428F5D82500FB3E4F /* Universal */ = {
			isa = PBXGroup;
			children = (
				7301139B28F5D88F00FB3E4F /* AudioEngine.swift */,
				5735E5C629A12606009D51EE /* UniversalVariables.swift */,
			);
			path = Universal;
			sourceTree = "<group>";
		};
		7301139528F5D83B00FB3E4F /* App */ = {
			isa = PBXGroup;
			children = (
				5735E5BF29A120E8009D51EE /* MusicList */,
				7301139628F5D85500FB3E4F /* Player */,
			);
			path = App;
			sourceTree = "<group>";
		};
		7301139628F5D85500FB3E4F /* Player */ = {
			isa = PBXGroup;
			children = (
				7301139728F5D87300FB3E4F /* PlayerView.swift */,
				7301139928F5D88200FB3E4F /* PlayerViewModel.swift */,
			);
			path = Player;
			sourceTree = "<group>";
		};
		7301139D28F5D8E700FB3E4F /* Resources */ = {
			isa = PBXGroup;
			children = (
				730113A628F5DAFB00FB3E4F /* Testing.mp3 */,
			);
			path = Resources;
			sourceTree = "<group>";
		};
/* End PBXGroup section */

/* Begin PBXNativeTarget section */
		7301138228F5D63400FB3E4F /* UniversalPlayer */ = {
			isa = PBXNativeTarget;
			buildConfigurationList = 7301139128F5D63600FB3E4F /* Build configuration list for PBXNativeTarget "UniversalPlayer" */;
			buildPhases = (
				7301137F28F5D63400FB3E4F /* Sources */,
				7301138028F5D63400FB3E4F /* Frameworks */,
				7301138128F5D63400FB3E4F /* Resources */,
			);
			buildRules = (
			);
			dependencies = (
			);
			name = UniversalPlayer;
			productName = UniversalPlayer;
			productReference = 7301138328F5D63400FB3E4F /* UniversalPlayer.app */;
			productType = "com.apple.product-type.application";
		};
/* End PBXNativeTarget section */

/* Begin PBXProject section */
		7301137B28F5D63400FB3E4F /* Project object */ = {
			isa = PBXProject;
			attributes = {
				BuildIndependentTargetsInParallel = 1;
				LastSwiftUpdateCheck = 1400;
				LastUpgradeCheck = 1400;
				TargetAttributes = {
					7301138228F5D63400FB3E4F = {
						CreatedOnToolsVersion = 14.0.1;
					};
				};
			};
			buildConfigurationList = 7301137E28F5D63400FB3E4F /* Build configuration list for PBXProject "UniversalPlayer" */;
			compatibilityVersion = "Xcode 14.0";
			developmentRegion = en;
			hasScannedForEncodings = 0;
			knownRegions = (
				en,
				Base,
			);
			mainGroup = 7301137A28F5D63400FB3E4F;
			productRefGroup = 7301138428F5D63400FB3E4F /* Products */;
			projectDirPath = "";
			projectRoot = "";
			targets = (
				7301138228F5D63400FB3E4F /* UniversalPlayer */,
			);
		};
/* End PBXProject section */

/* Begin PBXResourcesBuildPhase section */
		7301138128F5D63400FB3E4F /* Resources */ = {
			isa = PBXResourcesBuildPhase;
			buildActionMask = 2147483647;
			files = (
				7301138E28F5D63600FB3E4F /* Preview Assets.xcassets in Resources */,
				7301138B28F5D63600FB3E4F /* Assets.xcassets in Resources */,
				730113A728F5DAFB00FB3E4F /* Testing.mp3 in Resources */,
			);
			runOnlyForDeploymentPostprocessing = 0;
		};
/* End PBXResourcesBuildPhase section */

/* Begin PBXSourcesBuildPhase section */
		7301137F28F5D63400FB3E4F /* Sources */ = {
			isa = PBXSourcesBuildPhase;
			buildActionMask = 2147483647;
			files = (
				5735E5C129A12108009D51EE /* MusicListView.swift in Sources */,
				7301139828F5D87300FB3E4F /* PlayerView.swift in Sources */,
				7301139A28F5D88200FB3E4F /* PlayerViewModel.swift in Sources */,
				7301139C28F5D88F00FB3E4F /* AudioEngine.swift in Sources */,
				5735E5C329A1215B009D51EE /* MusicListCellView.swift in Sources */,
				5735E5C729A12606009D51EE /* UniversalVariables.swift in Sources */,
				5735E5C529A125CF009D51EE /* MusicListViewModel.swift in Sources */,
				7301138728F5D63400FB3E4F /* UniversalPlayerApp.swift in Sources */,
			);
			runOnlyForDeploymentPostprocessing = 0;
		};
/* End PBXSourcesBuildPhase section */

/* Begin XCBuildConfiguration section */
		7301138F28F5D63600FB3E4F /* Debug */ = {
			isa = XCBuildConfiguration;
			buildSettings = {
				ALWAYS_SEARCH_USER_PATHS = NO;
				CLANG_ANALYZER_NONNULL = YES;
				CLANG_ANALYZER_NUMBER_OBJECT_CONVERSION = YES_AGGRESSIVE;
				CLANG_CXX_LANGUAGE_STANDARD = "gnu++20";
				CLANG_ENABLE_MODULES = YES;
				CLANG_ENABLE_OBJC_ARC = YES;
				CLANG_ENABLE_OBJC_WEAK = YES;
				CLANG_WARN_BLOCK_CAPTURE_AUTORELEASING = YES;
				CLANG_WARN_BOOL_CONVERSION = YES;
				CLANG_WARN_COMMA = YES;
				CLANG_WARN_CONSTANT_CONVERSION = YES;
				CLANG_WARN_DEPRECATED_OBJC_IMPLEMENTATIONS = YES;
				CLANG_WARN_DIRECT_OBJC_ISA_USAGE = YES_ERROR;
				CLANG_WARN_DOCUMENTATION_COMMENTS = YES;
				CLANG_WARN_EMPTY_BODY = YES;
				CLANG_WARN_ENUM_CONVERSION = YES;
				CLANG_WARN_INFINITE_RECURSION = YES;
				CLANG_WARN_INT_CONVERSION = YES;
				CLANG_WARN_NON_LITERAL_NULL_CONVERSION = YES;
				CLANG_WARN_OBJC_IMPLICIT_RETAIN_SELF = YES;
				CLANG_WARN_OBJC_LITERAL_CONVERSION = YES;
				CLANG_WARN_OBJC_ROOT_CLASS = YES_ERROR;
				CLANG_WARN_QUOTED_INCLUDE_IN_FRAMEWORK_HEADER = YES;
				CLANG_WARN_RANGE_LOOP_ANALYSIS = YES;
				CLANG_WARN_STRICT_PROTOTYPES = YES;
				CLANG_WARN_SUSPICIOUS_MOVE = YES;
				CLANG_WARN_UNGUARDED_AVAILABILITY = YES_AGGRESSIVE;
				CLANG_WARN_UNREACHABLE_CODE = YES;
				CLANG_WARN__DUPLICATE_METHOD_MATCH = YES;
				COPY_PHASE_STRIP = NO;
				DEBUG_INFORMATION_FORMAT = dwarf;
				ENABLE_STRICT_OBJC_MSGSEND = YES;
				ENABLE_TESTABILITY = YES;
				GCC_C_LANGUAGE_STANDARD = gnu11;
				GCC_DYNAMIC_NO_PIC = NO;
				GCC_NO_COMMON_BLOCKS = YES;
				GCC_OPTIMIZATION_LEVEL = 0;
				GCC_PREPROCESSOR_DEFINITIONS = (
					"DEBUG=1",
					"$(inherited)",
				);
				GCC_WARN_64_TO_32_BIT_CONVERSION = YES;
				GCC_WARN_ABOUT_RETURN_TYPE = YES_ERROR;
				GCC_WARN_UNDECLARED_SELECTOR = YES;
				GCC_WARN_UNINITIALIZED_AUTOS = YES_AGGRESSIVE;
				GCC_WARN_UNUSED_FUNCTION = YES;
				GCC_WARN_UNUSED_VARIABLE = YES;
				IPHONEOS_DEPLOYMENT_TARGET = 16.0;
				MTL_ENABLE_DEBUG_INFO = INCLUDE_SOURCE;
				MTL_FAST_MATH = YES;
				ONLY_ACTIVE_ARCH = YES;
				SDKROOT = iphoneos;
				SWIFT_ACTIVE_COMPILATION_CONDITIONS = DEBUG;
				SWIFT_OPTIMIZATION_LEVEL = "-Onone";
			};
			name = Debug;
		};
		7301139028F5D63600FB3E4F /* Release */ = {
			isa = XCBuildConfiguration;
			buildSettings = {
				ALWAYS_SEARCH_USER_PATHS = NO;
				CLANG_ANALYZER_NONNULL = YES;
				CLANG_ANALYZER_NUMBER_OBJECT_CONVERSION = YES_AGGRESSIVE;
				CLANG_CXX_LANGUAGE_STANDARD = "gnu++20";
				CLANG_ENABLE_MODULES = YES;
				CLANG_ENABLE_OBJC_ARC = YES;
				CLANG_ENABLE_OBJC_WEAK = YES;
				CLANG_WARN_BLOCK_CAPTURE_AUTORELEASING = YES;
				CLANG_WARN_BOOL_CONVERSION = YES;
				CLANG_WARN_COMMA = YES;
				CLANG_WARN_CONSTANT_CONVERSION = YES;
				CLANG_WARN_DEPRECATED_OBJC_IMPLEMENTATIONS = YES;
				CLANG_WARN_DIRECT_OBJC_ISA_USAGE = YES_ERROR;
				CLANG_WARN_DOCUMENTATION_COMMENTS = YES;
				CLANG_WARN_EMPTY_BODY = YES;
				CLANG_WARN_ENUM_CONVERSION = YES;
				CLANG_WARN_INFINITE_RECURSION = YES;
				CLANG_WARN_INT_CONVERSION = YES;
				CLANG_WARN_NON_LITERAL_NULL_CONVERSION = YES;
				CLANG_WARN_OBJC_IMPLICIT_RETAIN_SELF = YES;
				CLANG_WARN_OBJC_LITERAL_CONVERSION = YES;
				CLANG_WARN_OBJC_ROOT_CLASS = YES_ERROR;
				CLANG_WARN_QUOTED_INCLUDE_IN_FRAMEWORK_HEADER = YES;
				CLANG_WARN_RANGE_LOOP_ANALYSIS = YES;
				CLANG_WARN_STRICT_PROTOTYPES = YES;
				CLANG_WARN_SUSPICIOUS_MOVE = YES;
				CLANG_WARN_UNGUARDED_AVAILABILITY = YES_AGGRESSIVE;
				CLANG_WARN_UNREACHABLE_CODE = YES;
				CLANG_WARN__DUPLICATE_METHOD_MATCH = YES;
				COPY_PHASE_STRIP = NO;
				DEBUG_INFORMATION_FORMAT = "dwarf-with-dsym";
				ENABLE_NS_ASSERTIONS = NO;
				ENABLE_STRICT_OBJC_MSGSEND = YES;
				GCC_C_LANGUAGE_STANDARD = gnu11;
				GCC_NO_COMMON_BLOCKS = YES;
				GCC_WARN_64_TO_32_BIT_CONVERSION = YES;
				GCC_WARN_ABOUT_RETURN_TYPE = YES_ERROR;
				GCC_WARN_UNDECLARED_SELECTOR = YES;
				GCC_WARN_UNINITIALIZED_AUTOS = YES_AGGRESSIVE;
				GCC_WARN_UNUSED_FUNCTION = YES;
				GCC_WARN_UNUSED_VARIABLE = YES;
				IPHONEOS_DEPLOYMENT_TARGET = 16.0;
				MTL_ENABLE_DEBUG_INFO = NO;
				MTL_FAST_MATH = YES;
				SDKROOT = iphoneos;
				SWIFT_COMPILATION_MODE = wholemodule;
				SWIFT_OPTIMIZATION_LEVEL = "-O";
				VALIDATE_PRODUCT = YES;
			};
			name = Release;
		};
		7301139228F5D63600FB3E4F /* Debug */ = {
			isa = XCBuildConfiguration;
			buildSettings = {
				ASSETCATALOG_COMPILER_APPICON_NAME = AppIcon;
				ASSETCATALOG_COMPILER_GLOBAL_ACCENT_COLOR_NAME = AccentColor;
				CODE_SIGN_STYLE = Automatic;
				CURRENT_PROJECT_VERSION = 1;
				DEVELOPMENT_ASSET_PATHS = "\"UniversalPlayer/Preview Content\"";
				DEVELOPMENT_TEAM = 4Y4C8K5UQ4;
				ENABLE_PREVIEWS = YES;
				GENERATE_INFOPLIST_FILE = YES;
				INFOPLIST_FILE = UniversalPlayer/Info.plist;
				INFOPLIST_KEY_LSApplicationCategoryType = "";
				INFOPLIST_KEY_UIApplicationSceneManifest_Generation = YES;
				INFOPLIST_KEY_UIApplicationSupportsIndirectInputEvents = YES;
				INFOPLIST_KEY_UILaunchScreen_Generation = YES;
				INFOPLIST_KEY_UISupportedInterfaceOrientations = UIInterfaceOrientationPortrait;
				INFOPLIST_KEY_UISupportedInterfaceOrientations_iPad = "UIInterfaceOrientationLandscapeLeft UIInterfaceOrientationLandscapeRight UIInterfaceOrientationPortrait";
				LD_RUNPATH_SEARCH_PATHS = (
					"$(inherited)",
					"@executable_path/Frameworks",
				);
				MARKETING_VERSION = 1.0;
				PRODUCT_BUNDLE_IDENTIFIER = com.arnaurivas.UniversalPlayer;
				PRODUCT_NAME = "$(TARGET_NAME)";
				SWIFT_EMIT_LOC_STRINGS = YES;
				SWIFT_VERSION = 5.0;
				TARGETED_DEVICE_FAMILY = "1,2";
			};
			name = Debug;
		};
		7301139328F5D63600FB3E4F /* Release */ = {
			isa = XCBuildConfiguration;
			buildSettings = {
				ASSETCATALOG_COMPILER_APPICON_NAME = AppIcon;
				ASSETCATALOG_COMPILER_GLOBAL_ACCENT_COLOR_NAME = AccentColor;
				CODE_SIGN_STYLE = Automatic;
				CURRENT_PROJECT_VERSION = 1;
				DEVELOPMENT_ASSET_PATHS = "\"UniversalPlayer/Preview Content\"";
				DEVELOPMENT_TEAM = 4Y4C8K5UQ4;
				ENABLE_PREVIEWS = YES;
				GENERATE_INFOPLIST_FILE = YES;
				INFOPLIST_FILE = UniversalPlayer/Info.plist;
				INFOPLIST_KEY_LSApplicationCategoryType = "";
				INFOPLIST_KEY_UIApplicationSceneManifest_Generation = YES;
				INFOPLIST_KEY_UIApplicationSupportsIndirectInputEvents = YES;
				INFOPLIST_KEY_UILaunchScreen_Generation = YES;
				INFOPLIST_KEY_UISupportedInterfaceOrientations = UIInterfaceOrientationPortrait;
				INFOPLIST_KEY_UISupportedInterfaceOrientations_iPad = "UIInterfaceOrientationLandscapeLeft UIInterfaceOrientationLandscapeRight UIInterfaceOrientationPortrait";
				LD_RUNPATH_SEARCH_PATHS = (
					"$(inherited)",
					"@executable_path/Frameworks",
				);
				MARKETING_VERSION = 1.0;
				PRODUCT_BUNDLE_IDENTIFIER = com.arnaurivas.UniversalPlayer;
				PRODUCT_NAME = "$(TARGET_NAME)";
				SWIFT_EMIT_LOC_STRINGS = YES;
				SWIFT_VERSION = 5.0;
				TARGETED_DEVICE_FAMILY = "1,2";
			};
			name = Release;
		};
/* End XCBuildConfiguration section */

/* Begin XCConfigurationList section */
		7301137E28F5D63400FB3E4F /* Build configuration list for PBXProject "UniversalPlayer" */ = {
			isa = XCConfigurationList;
			buildConfigurations = (
				7301138F28F5D63600FB3E4F /* Debug */,
				7301139028F5D63600FB3E4F /* Release */,
			);
			defaultConfigurationIsVisible = 0;
			defaultConfigurationName = Release;
		};
		7301139128F5D63600FB3E4F /* Build configuration list for PBXNativeTarget "UniversalPlayer" */ = {
			isa = XCConfigurationList;
			buildConfigurations = (
				7301139228F5D63600FB3E4F /* Debug */,
				7301139328F5D63600FB3E4F /* Release */,
			);
			defaultConfigurationIsVisible = 0;
			defaultConfigurationName = Release;
		};
/* End XCConfigurationList section */
	};
	rootObject = 7301137B28F5D63400FB3E4F /* Project object */;
}
